
Microsoft Visual Studio Solution File, Format Version 12.00
# Visual Studio 15
VisualStudioVersion = 15.0.28010.2048
MinimumVisualStudioVersion = 10.0.40219.1
Project("{FAE04EC0-301F-11D3-BF4B-00C04F79EFBC}") = "analogue_clock", "analogue_clock\analogue_clock.csproj", "{B26BE2C8-FED2-44FE-83A3-29BD11EF0E73}"
EndProject
Global
	GlobalSection(SolutionConfigurationPlatforms) = preSolution
		Debug|Any CPU = Debug|Any CPU
		Release|Any CPU = Release|Any CPU
	EndGlobalSection
	GlobalSection(ProjectConfigurationPlatforms) = postSolution
		{B26BE2C8-FED2-44FE-83A3-29BD11EF0E73}.Debug|Any CPU.ActiveCfg = Debug|Any CPU
		{B26BE2C8-FED2-44FE-83A3-29BD11EF0E73}.Debug|Any CPU.Build.0 = Debug|Any CPU
		{B26BE2C8-FED2-44FE-83A3-29BD11EF0E73}.Release|Any CPU.ActiveCfg = Release|Any CPU
		{B26BE2C8-FED2-44FE-83A3-29BD11EF0E73}.Release|Any CPU.Build.0 = Release|Any CPU
	EndGlobalSection
	GlobalSection(SolutionProperties) = preSolution
		HideSolutionNode = FALSE
	EndGlobalSection
	GlobalSection(ExtensibilityGlobals) = postSolution
		SolutionGuid = {C583C46A-94A0-4EA3-A2F7-01EFB18CEEFE}
	EndGlobalSection
EndGlobal
